// !$*UTF8*$!
{
	archiveVersion = 1;
	classes = {
	};
	objectVersion = 46;
	objects = {

/* Begin PBXBuildFile section */
		1584763521ABF1570037B2C5 /* PagingEngine.m in Sources */ = {isa = PBXBuildFile; fileRef = 1584763121ABF1570037B2C5 /* PagingEngine.m */; };
		1584763621ABF1570037B2C5 /* PagingTextView.m in Sources */ = {isa = PBXBuildFile; fileRef = 1584763221ABF1570037B2C5 /* PagingTextView.m */; };
		1584763B21ABF1620037B2C5 /* DDPagingTextVC.m in Sources */ = {isa = PBXBuildFile; fileRef = 1584763721ABF1620037B2C5 /* DDPagingTextVC.m */; };
		1584763C21ABF1620037B2C5 /* DDChooseFontVC.m in Sources */ = {isa = PBXBuildFile; fileRef = 1584763A21ABF1620037B2C5 /* DDChooseFontVC.m */; };
		1584764021ABF44E0037B2C5 /* 华文行楷.ttf in Resources */ = {isa = PBXBuildFile; fileRef = 1584763F21ABF44E0037B2C5 /* 华文行楷.ttf */; };
		4F53EE391D656DB60051879C /* main.m in Sources */ = {isa = PBXBuildFile; fileRef = 4F53EE381D656DB60051879C /* main.m */; };
		4F53EE3C1D656DB60051879C /* AppDelegate.m in Sources */ = {isa = PBXBuildFile; fileRef = 4F53EE3B1D656DB60051879C /* AppDelegate.m */; };
		4F53EE421D656DB60051879C /* Main.storyboard in Resources */ = {isa = PBXBuildFile; fileRef = 4F53EE401D656DB60051879C /* Main.storyboard */; };
		4F53EE441D656DB60051879C /* Assets.xcassets in Resources */ = {isa = PBXBuildFile; fileRef = 4F53EE431D656DB60051879C /* Assets.xcassets */; };
		4F53EE471D656DB60051879C /* LaunchScreen.storyboard in Resources */ = {isa = PBXBuildFile; fileRef = 4F53EE451D656DB60051879C /* LaunchScreen.storyboard */; };
		4F53EE521D656DD50051879C /* Text.txt in Resources */ = {isa = PBXBuildFile; fileRef = 4F53EE511D656DD50051879C /* Text.txt */; };
/* End PBXBuildFile section */

/* Begin PBXFileReference section */
		1584763121ABF1570037B2C5 /* PagingEngine.m */ = {isa = PBXFileReference; fileEncoding = 4; lastKnownFileType = sourcecode.c.objc; path = PagingEngine.m; sourceTree = "<group>"; };
		1584763221ABF1570037B2C5 /* PagingTextView.m */ = {isa = PBXFileReference; fileEncoding = 4; lastKnownFileType = sourcecode.c.objc; path = PagingTextView.m; sourceTree = "<group>"; };
		1584763321ABF1570037B2C5 /* PagingTextView.h */ = {isa = PBXFileReference; fileEncoding = 4; lastKnownFileType = sourcecode.c.h; path = PagingTextView.h; sourceTree = "<group>"; };
		1584763421ABF1570037B2C5 /* PagingEngine.h */ = {isa = PBXFileReference; fileEncoding = 4; lastKnownFileType = sourcecode.c.h; path = PagingEngine.h; sourceTree = "<group>"; };
		1584763721ABF1620037B2C5 /* DDPagingTextVC.m */ = {isa = PBXFileReference; fileEncoding = 4; lastKnownFileType = sourcecode.c.objc; path = DDPagingTextVC.m; sourceTree = "<group>"; };
		1584763821ABF1620037B2C5 /* DDChooseFontVC.h */ = {isa = PBXFileReference; fileEncoding = 4; lastKnownFileType = sourcecode.c.h; path = DDChooseFontVC.h; sourceTree = "<group>"; };
		1584763921ABF1620037B2C5 /* DDPagingTextVC.h */ = {isa = PBXFileReference; fileEncoding = 4; lastKnownFileType = sourcecode.c.h; path = DDPagingTextVC.h; sourceTree = "<group>"; };
		1584763A21ABF1620037B2C5 /* DDChooseFontVC.m */ = {isa = PBXFileReference; fileEncoding = 4; lastKnownFileType = sourcecode.c.objc; path = DDChooseFontVC.m; sourceTree = "<group>"; };
		1584763F21ABF44E0037B2C5 /* 华文行楷.ttf */ = {isa = PBXFileReference; lastKnownFileType = file; path = "华文行楷.ttf"; sourceTree = "<group>"; };
		4F53EE341D656DB60051879C /* PagingText.app */ = {isa = PBXFileReference; explicitFileType = wrapper.application; includeInIndex = 0; path = PagingText.app; sourceTree = BUILT_PRODUCTS_DIR; };
		4F53EE381D656DB60051879C /* main.m */ = {isa = PBXFileReference; lastKnownFileType = sourcecode.c.objc; path = main.m; sourceTree = "<group>"; };
		4F53EE3A1D656DB60051879C /* AppDelegate.h */ = {isa = PBXFileReference; lastKnownFileType = sourcecode.c.h; path = AppDelegate.h; sourceTree = "<group>"; };
		4F53EE3B1D656DB60051879C /* AppDelegate.m */ = {isa = PBXFileReference; lastKnownFileType = sourcecode.c.objc; path = AppDelegate.m; sourceTree = "<group>"; };
		4F53EE411D656DB60051879C /* Base */ = {isa = PBXFileReference; lastKnownFileType = file.storyboard; name = Base; path = Base.lproj/Main.storyboard; sourceTree = "<group>"; };
		4F53EE431D656DB60051879C /* Assets.xcassets */ = {isa = PBXFileReference; lastKnownFileType = folder.assetcatalog; path = Assets.xcassets; sourceTree = "<group>"; };
		4F53EE461D656DB60051879C /* Base */ = {isa = PBXFileReference; lastKnownFileType = file.storyboard; name = Base; path = Base.lproj/LaunchScreen.storyboard; sourceTree = "<group>"; };
		4F53EE481D656DB60051879C /* Info.plist */ = {isa = PBXFileReference; lastKnownFileType = text.plist.xml; path = Info.plist; sourceTree = "<group>"; };
		4F53EE511D656DD50051879C /* Text.txt */ = {isa = PBXFileReference; fileEncoding = 4; lastKnownFileType = text; path = Text.txt; sourceTree = "<group>"; };
/* End PBXFileReference section */

/* Begin PBXFrameworksBuildPhase section */
		4F53EE311D656DB60051879C /* Frameworks */ = {
			isa = PBXFrameworksBuildPhase;
			buildActionMask = 2147483647;
			files = (
			);
			runOnlyForDeploymentPostprocessing = 0;
		};
/* End PBXFrameworksBuildPhase section */

/* Begin PBXGroup section */
		1584763021ABF1570037B2C5 /* PagingTextView */ = {
			isa = PBXGroup;
			children = (
				1584763421ABF1570037B2C5 /* PagingEngine.h */,
				1584763121ABF1570037B2C5 /* PagingEngine.m */,
				1584763321ABF1570037B2C5 /* PagingTextView.h */,
				1584763221ABF1570037B2C5 /* PagingTextView.m */,
			);
			path = PagingTextView;
			sourceTree = "<group>";
		};
		4F53EE2B1D656DB60051879C = {
			isa = PBXGroup;
			children = (
				4F53EE361D656DB60051879C /* PagingText */,
				4F53EE351D656DB60051879C /* Products */,
			);
			sourceTree = "<group>";
		};
		4F53EE351D656DB60051879C /* Products */ = {
			isa = PBXGroup;
			children = (
				4F53EE341D656DB60051879C /* PagingText.app */,
			);
			name = Products;
			sourceTree = "<group>";
		};
		4F53EE361D656DB60051879C /* PagingText */ = {
			isa = PBXGroup;
			children = (
				4F53EE3A1D656DB60051879C /* AppDelegate.h */,
				4F53EE3B1D656DB60051879C /* AppDelegate.m */,
				1584763821ABF1620037B2C5 /* DDChooseFontVC.h */,
				1584763A21ABF1620037B2C5 /* DDChooseFontVC.m */,
				1584763921ABF1620037B2C5 /* DDPagingTextVC.h */,
				1584763721ABF1620037B2C5 /* DDPagingTextVC.m */,
				1584763F21ABF44E0037B2C5 /* 华文行楷.ttf */,
				1584763021ABF1570037B2C5 /* PagingTextView */,
				4F53EE511D656DD50051879C /* Text.txt */,
				4F53EE401D656DB60051879C /* Main.storyboard */,
				4F53EE431D656DB60051879C /* Assets.xcassets */,
				4F53EE451D656DB60051879C /* LaunchScreen.storyboard */,
				4F53EE481D656DB60051879C /* Info.plist */,
				4F53EE371D656DB60051879C /* Supporting Files */,
			);
			path = PagingText;
			sourceTree = "<group>";
		};
		4F53EE371D656DB60051879C /* Supporting Files */ = {
			isa = PBXGroup;
			children = (
				4F53EE381D656DB60051879C /* main.m */,
			);
			name = "Supporting Files";
			sourceTree = "<group>";
		};
/* End PBXGroup section */

/* Begin PBXNativeTarget section */
		4F53EE331D656DB60051879C /* PagingText */ = {
			isa = PBXNativeTarget;
			buildConfigurationList = 4F53EE4B1D656DB60051879C /* Build configuration list for PBXNativeTarget "PagingText" */;
			buildPhases = (
				4F53EE301D656DB60051879C /* Sources */,
				4F53EE311D656DB60051879C /* Frameworks */,
				4F53EE321D656DB60051879C /* Resources */,
			);
			buildRules = (
			);
			dependencies = (
			);
			name = PagingText;
			productName = PagingText;
			productReference = 4F53EE341D656DB60051879C /* PagingText.app */;
			productType = "com.apple.product-type.application";
		};
/* End PBXNativeTarget section */

/* Begin PBXProject section */
		4F53EE2C1D656DB60051879C /* Project object */ = {
			isa = PBXProject;
			attributes = {
				LastUpgradeCheck = 1010;
				ORGANIZATIONNAME = Ive;
				TargetAttributes = {
					4F53EE331D656DB60051879C = {
						CreatedOnToolsVersion = 7.3.1;
					};
				};
			};
			buildConfigurationList = 4F53EE2F1D656DB60051879C /* Build configuration list for PBXProject "PagingText" */;
			compatibilityVersion = "Xcode 3.2";
			developmentRegion = English;
			hasScannedForEncodings = 0;
			knownRegions = (
				en,
				Base,
			);
			mainGroup = 4F53EE2B1D656DB60051879C;
			productRefGroup = 4F53EE351D656DB60051879C /* Products */;
			projectDirPath = "";
			projectRoot = "";
			targets = (
				4F53EE331D656DB60051879C /* PagingText */,
			);
		};
/* End PBXProject section */

/* Begin PBXResourcesBuildPhase section */
		4F53EE321D656DB60051879C /* Resources */ = {
			isa = PBXResourcesBuildPhase;
			buildActionMask = 2147483647;
			files = (
				4F53EE471D656DB60051879C /* LaunchScreen.storyboard in Resources */,
				4F53EE441D656DB60051879C /* Assets.xcassets in Resources */,
				4F53EE421D656DB60051879C /* Main.storyboard in Resources */,
				1584764021ABF44E0037B2C5 /* 华文行楷.ttf in Resources */,
				4F53EE521D656DD50051879C /* Text.txt in Resources */,
			);
			runOnlyForDeploymentPostprocessing = 0;
		};
/* End PBXResourcesBuildPhase section */

/* Begin PBXSourcesBuildPhase section */
		4F53EE301D656DB60051879C /* Sources */ = {
			isa = PBXSourcesBuildPhase;
			buildActionMask = 2147483647;
			files = (
				1584763C21ABF1620037B2C5 /* DDChooseFontVC.m in Sources */,
				1584763521ABF1570037B2C5 /* PagingEngine.m in Sources */,
				4F53EE3C1D656DB60051879C /* AppDelegate.m in Sources */,
				1584763B21ABF1620037B2C5 /* DDPagingTextVC.m in Sources */,
				1584763621ABF1570037B2C5 /* PagingTextView.m in Sources */,
				4F53EE391D656DB60051879C /* main.m in Sources */,
			);
			runOnlyForDeploymentPostprocessing = 0;
		};
/* End PBXSourcesBuildPhase section */

/* Begin PBXVariantGroup section */
		4F53EE401D656DB60051879C /* Main.storyboard */ = {
			isa = PBXVariantGroup;
			children = (
				4F53EE411D656DB60051879C /* Base */,
			);
			name = Main.storyboard;
			sourceTree = "<group>";
		};
		4F53EE451D656DB60051879C /* LaunchScreen.storyboard */ = {
			isa = PBXVariantGroup;
			children = (
				4F53EE461D656DB60051879C /* Base */,
			);
			name = LaunchScreen.storyboard;
			sourceTree = "<group>";
		};
/* End PBXVariantGroup section */

/* Begin XCBuildConfiguration section */
		4F53EE491D656DB60051879C /* Debug */ = {
			isa = XCBuildConfiguration;
			buildSettings = {
				ALWAYS_SEARCH_USER_PATHS = NO;
				CLANG_ANALYZER_NONNULL = YES;
				CLANG_CXX_LANGUAGE_STANDARD = "gnu++0x";
				CLANG_CXX_LIBRARY = "libc++";
				CLANG_ENABLE_MODULES = YES;
				CLANG_ENABLE_OBJC_ARC = YES;
				CLANG_WARN_BLOCK_CAPTURE_AUTORELEASING = YES;
				CLANG_WARN_BOOL_CONVERSION = YES;
				CLANG_WARN_COMMA = YES;
				CLANG_WARN_CONSTANT_CONVERSION = YES;
				CLANG_WARN_DEPRECATED_OBJC_IMPLEMENTATIONS = YES;
				CLANG_WARN_DIRECT_OBJC_ISA_USAGE = YES_ERROR;
				CLANG_WARN_EMPTY_BODY = YES;
				CLANG_WARN_ENUM_CONVERSION = YES;
				CLANG_WARN_INFINITE_RECURSION = YES;
				CLANG_WARN_INT_CONVERSION = YES;
				CLANG_WARN_NON_LITERAL_NULL_CONVERSION = YES;
				CLANG_WARN_OBJC_IMPLICIT_RETAIN_SELF = YES;
				CLANG_WARN_OBJC_LITERAL_CONVERSION = YES;
				CLANG_WARN_OBJC_ROOT_CLASS = YES_ERROR;
				CLANG_WARN_RANGE_LOOP_ANALYSIS = YES;
				CLANG_WARN_STRICT_PROTOTYPES = YES;
				CLANG_WARN_SUSPICIOUS_MOVE = YES;
				CLANG_WARN_UNREACHABLE_CODE = YES;
				CLANG_WARN__DUPLICATE_METHOD_MATCH = YES;
				"CODE_SIGN_IDENTITY[sdk=iphoneos*]" = "iPhone Developer";
				COPY_PHASE_STRIP = NO;
				DEBUG_INFORMATION_FORMAT = dwarf;
				ENABLE_STRICT_OBJC_MSGSEND = YES;
				ENABLE_TESTABILITY = YES;
				GCC_C_LANGUAGE_STANDARD = gnu99;
				GCC_DYNAMIC_NO_PIC = NO;
				GCC_NO_COMMON_BLOCKS = YES;
				GCC_OPTIMIZATION_LEVEL = 0;
				GCC_PREPROCESSOR_DEFINITIONS = (
					"DEBUG=1",
					"$(inherited)",
				);
				GCC_WARN_64_TO_32_BIT_CONVERSION = YES;
				GCC_WARN_ABOUT_RETURN_TYPE = YES_ERROR;
				GCC_WARN_UNDECLARED_SELECTOR = YES;
				GCC_WARN_UNINITIALIZED_AUTOS = YES_AGGRESSIVE;
				GCC_WARN_UNUSED_FUNCTION = YES;
				GCC_WARN_UNUSED_VARIABLE = YES;
				IPHONEOS_DEPLOYMENT_TARGET = 9.3;
				MTL_ENABLE_DEBUG_INFO = YES;
				ONLY_ACTIVE_ARCH = YES;
				SDKROOT = iphoneos;
				TARGETED_DEVICE_FAMILY = "1,2";
			};
			name = Debug;
		};
		4F53EE4A1D656DB60051879C /* Release */ = {
			isa = XCBuildConfiguration;
			buildSettings = {
				ALWAYS_SEARCH_USER_PATHS = NO;
				CLANG_ANALYZER_NONNULL = YES;
				CLANG_CXX_LANGUAGE_STANDARD = "gnu++0x";
				CLANG_CXX_LIBRARY = "libc++";
				CLANG_ENABLE_MODULES = YES;
				CLANG_ENABLE_OBJC_ARC = YES;
				CLANG_WARN_BLOCK_CAPTURE_AUTORELEASING = YES;
				CLANG_WARN_BOOL_CONVERSION = YES;
				CLANG_WARN_COMMA = YES;
				CLANG_WARN_CONSTANT_CONVERSION = YES;
				CLANG_WARN_DEPRECATED_OBJC_IMPLEMENTATIONS = YES;
				CLANG_WARN_DIRECT_OBJC_ISA_USAGE = YES_ERROR;
				CLANG_WARN_EMPTY_BODY = YES;
				CLANG_WARN_ENUM_CONVERSION = YES;
				CLANG_WARN_INFINITE_RECURSION = YES;
				CLANG_WARN_INT_CONVERSION = YES;
				CLANG_WARN_NON_LITERAL_NULL_CONVERSION = YES;
				CLANG_WARN_OBJC_IMPLICIT_RETAIN_SELF = YES;
				CLANG_WARN_OBJC_LITERAL_CONVERSION = YES;
				CLANG_WARN_OBJC_ROOT_CLASS = YES_ERROR;
				CLANG_WARN_RANGE_LOOP_ANALYSIS = YES;
				CLANG_WARN_STRICT_PROTOTYPES = YES;
				CLANG_WARN_SUSPICIOUS_MOVE = YES;
				CLANG_WARN_UNREACHABLE_CODE = YES;
				CLANG_WARN__DUPLICATE_METHOD_MATCH = YES;
				"CODE_SIGN_IDENTITY[sdk=iphoneos*]" = "iPhone Developer";
				COPY_PHASE_STRIP = NO;
				DEBUG_INFORMATION_FORMAT = "dwarf-with-dsym";
				ENABLE_NS_ASSERTIONS = NO;
				ENABLE_STRICT_OBJC_MSGSEND = YES;
				GCC_C_LANGUAGE_STANDARD = gnu99;
				GCC_NO_COMMON_BLOCKS = YES;
				GCC_WARN_64_TO_32_BIT_CONVERSION = YES;
				GCC_WARN_ABOUT_RETURN_TYPE = YES_ERROR;
				GCC_WARN_UNDECLARED_SELECTOR = YES;
				GCC_WARN_UNINITIALIZED_AUTOS = YES_AGGRESSIVE;
				GCC_WARN_UNUSED_FUNCTION = YES;
				GCC_WARN_UNUSED_VARIABLE = YES;
				IPHONEOS_DEPLOYMENT_TARGET = 9.3;
				MTL_ENABLE_DEBUG_INFO = NO;
				SDKROOT = iphoneos;
				TARGETED_DEVICE_FAMILY = "1,2";
				VALIDATE_PRODUCT = YES;
			};
			name = Release;
		};
		4F53EE4C1D656DB60051879C /* Debug */ = {
			isa = XCBuildConfiguration;
			buildSettings = {
				ASSETCATALOG_COMPILER_APPICON_NAME = AppIcon;
				INFOPLIST_FILE = PagingText/Info.plist;
				LD_RUNPATH_SEARCH_PATHS = "$(inherited) @executable_path/Frameworks";
				PRODUCT_BUNDLE_IDENTIFIER = Ive.PagingText;
				PRODUCT_NAME = "$(TARGET_NAME)";
			};
			name = Debug;
		};
		4F53EE4D1D656DB60051879C /* Release */ = {
			isa = XCBuildConfiguration;
			buildSettings = {
				ASSETCATALOG_COMPILER_APPICON_NAME = AppIcon;
				INFOPLIST_FILE = PagingText/Info.plist;
				LD_RUNPATH_SEARCH_PATHS = "$(inherited) @executable_path/Frameworks";
				PRODUCT_BUNDLE_IDENTIFIER = Ive.PagingText;
				PRODUCT_NAME = "$(TARGET_NAME)";
			};
			name = Release;
		};
/* End XCBuildConfiguration section */

/* Begin XCConfigurationList section */
		4F53EE2F1D656DB60051879C /* Build configuration list for PBXProject "PagingText" */ = {
			isa = XCConfigurationList;
			buildConfigurations = (
				4F53EE491D656DB60051879C /* Debug */,
				4F53EE4A1D656DB60051879C /* Release */,
			);
			defaultConfigurationIsVisible = 0;
			defaultConfigurationName = Release;
		};
		4F53EE4B1D656DB60051879C /* Build configuration list for PBXNativeTarget "PagingText" */ = {
			isa = XCConfigurationList;
			buildConfigurations = (
				4F53EE4C1D656DB60051879C /* Debug */,
				4F53EE4D1D656DB60051879C /* Release */,
			);
			defaultConfigurationIsVisible = 0;
			defaultConfigurationName = Release;
		};
/* End XCConfigurationList section */
	};
	rootObject = 4F53EE2C1D656DB60051879C /* Project object */;
}
